
Microsoft Visual Studio Solution File, Format Version 12.00
# Visual Studio 14
VisualStudioVersion = 14.0.25420.1
MinimumVisualStudioVersion = 10.0.40219.1
Project("{FAE04EC0-301F-11D3-BF4B-00C04F79EFBC}") = "Application", "Application\Application.csproj", "{81F6F630-E1EC-4472-9C37-40A90C3D3DCD}"
EndProject
Project("{2150E333-8FDC-42A3-9474-1A3956D46DE8}") = "Presentation", "Presentation", "{B4E00981-88A9-4874-946E-53F93749A808}"
EndProject
Project("{2150E333-8FDC-42A3-9474-1A3956D46DE8}") = "Business", "Business", "{1B1FB09A-BC56-4373-975D-1C1D0CB23504}"
EndProject
Project("{FAE04EC0-301F-11D3-BF4B-00C04F79EFBC}") = "Core", "Core\Core.csproj", "{B27BF542-4E54-4FAA-A4CE-E9A9C417E519}"
EndProject
Project("{FAE04EC0-301F-11D3-BF4B-00C04F79EFBC}") = "Services", "Services\Services.csproj", "{528065B5-CB29-4D56-AB36-D7694DFB4098}"
EndProject
Project("{2150E333-8FDC-42A3-9474-1A3956D46DE8}") = "Infrastructure", "Infrastructure", "{E9EF143C-67E2-4BCB-8A22-13F9E7A1F653}"
EndProject
Project("{FAE04EC0-301F-11D3-BF4B-00C04F79EFBC}") = "Data", "Data\Data.csproj", "{9604FAFF-1F4B-4B55-B7E1-0D605DDEA9F2}"
EndProject
Project("{FAE04EC0-301F-11D3-BF4B-00C04F79EFBC}") = "Dto", "Dto\Dto.csproj", "{1C47DFEC-F44A-44CD-AB7D-55368A934FC7}"
EndProject
Project("{FAE04EC0-301F-11D3-BF4B-00C04F79EFBC}") = "Logging", "Logging\Logging.csproj", "{E28A6530-AC2B-4DD5-BB47-144A425CA09A}"
EndProject
Project("{2150E333-8FDC-42A3-9474-1A3956D46DE8}") = "API", "API", "{0AF88C3F-E585-43EE-9B61-52E089F06EE2}"
EndProject
Project("{FAE04EC0-301F-11D3-BF4B-00C04F79EFBC}") = "WebApi", "WebApi\WebApi.csproj", "{D1813B72-A58B-4BAA-B8E5-97723DBB55A9}"
EndProject
Global
	GlobalSection(SolutionConfigurationPlatforms) = preSolution
		Debug|Any CPU = Debug|Any CPU
		Release|Any CPU = Release|Any CPU
	EndGlobalSection
	GlobalSection(ProjectConfigurationPlatforms) = postSolution
		{81F6F630-E1EC-4472-9C37-40A90C3D3DCD}.Debug|Any CPU.ActiveCfg = Debug|Any CPU
		{81F6F630-E1EC-4472-9C37-40A90C3D3DCD}.Debug|Any CPU.Build.0 = Debug|Any CPU
		{81F6F630-E1EC-4472-9C37-40A90C3D3DCD}.Release|Any CPU.ActiveCfg = Release|Any CPU
		{81F6F630-E1EC-4472-9C37-40A90C3D3DCD}.Release|Any CPU.Build.0 = Release|Any CPU
		{B27BF542-4E54-4FAA-A4CE-E9A9C417E519}.Debug|Any CPU.ActiveCfg = Debug|Any CPU
		{B27BF542-4E54-4FAA-A4CE-E9A9C417E519}.Debug|Any CPU.Build.0 = Debug|Any CPU
		{B27BF542-4E54-4FAA-A4CE-E9A9C417E519}.Release|Any CPU.ActiveCfg = Release|Any CPU
		{B27BF542-4E54-4FAA-A4CE-E9A9C417E519}.Release|Any CPU.Build.0 = Release|Any CPU
		{528065B5-CB29-4D56-AB36-D7694DFB4098}.Debug|Any CPU.ActiveCfg = Debug|Any CPU
		{528065B5-CB29-4D56-AB36-D7694DFB4098}.Debug|Any CPU.Build.0 = Debug|Any CPU
		{528065B5-CB29-4D56-AB36-D7694DFB4098}.Release|Any CPU.ActiveCfg = Release|Any CPU
		{528065B5-CB29-4D56-AB36-D7694DFB4098}.Release|Any CPU.Build.0 = Release|Any CPU
		{9604FAFF-1F4B-4B55-B7E1-0D605DDEA9F2}.Debug|Any CPU.ActiveCfg = Debug|Any CPU
		{9604FAFF-1F4B-4B55-B7E1-0D605DDEA9F2}.Debug|Any CPU.Build.0 = Debug|Any CPU
		{9604FAFF-1F4B-4B55-B7E1-0D605DDEA9F2}.Release|Any CPU.ActiveCfg = Release|Any CPU
		{9604FAFF-1F4B-4B55-B7E1-0D605DDEA9F2}.Release|Any CPU.Build.0 = Release|Any CPU
		{1C47DFEC-F44A-44CD-AB7D-55368A934FC7}.Debug|Any CPU.ActiveCfg = Debug|Any CPU
		{1C47DFEC-F44A-44CD-AB7D-55368A934FC7}.Debug|Any CPU.Build.0 = Debug|Any CPU
		{1C47DFEC-F44A-44CD-AB7D-55368A934FC7}.Release|Any CPU.ActiveCfg = Release|Any CPU
		{1C47DFEC-F44A-44CD-AB7D-55368A934FC7}.Release|Any CPU.Build.0 = Release|Any CPU
		{E28A6530-AC2B-4DD5-BB47-144A425CA09A}.Debug|Any CPU.ActiveCfg = Debug|Any CPU
		{E28A6530-AC2B-4DD5-BB47-144A425CA09A}.Debug|Any CPU.Build.0 = Debug|Any CPU
		{E28A6530-AC2B-4DD5-BB47-144A425CA09A}.Release|Any CPU.ActiveCfg = Release|Any CPU
		{E28A6530-AC2B-4DD5-BB47-144A425CA09A}.Release|Any CPU.Build.0 = Release|Any CPU
		{D1813B72-A58B-4BAA-B8E5-97723DBB55A9}.Debug|Any CPU.ActiveCfg = Debug|Any CPU
		{D1813B72-A58B-4BAA-B8E5-97723DBB55A9}.Debug|Any CPU.Build.0 = Debug|Any CPU
		{D1813B72-A58B-4BAA-B8E5-97723DBB55A9}.Release|Any CPU.ActiveCfg = Release|Any CPU
		{D1813B72-A58B-4BAA-B8E5-97723DBB55A9}.Release|Any CPU.Build.0 = Release|Any CPU
	EndGlobalSection
	GlobalSection(SolutionProperties) = preSolution
		HideSolutionNode = FALSE
	EndGlobalSection
	GlobalSection(NestedProjects) = preSolution
		{81F6F630-E1EC-4472-9C37-40A90C3D3DCD} = {B4E00981-88A9-4874-946E-53F93749A808}
		{B27BF542-4E54-4FAA-A4CE-E9A9C417E519} = {1B1FB09A-BC56-4373-975D-1C1D0CB23504}
		{528065B5-CB29-4D56-AB36-D7694DFB4098} = {1B1FB09A-BC56-4373-975D-1C1D0CB23504}
		{9604FAFF-1F4B-4B55-B7E1-0D605DDEA9F2} = {E9EF143C-67E2-4BCB-8A22-13F9E7A1F653}
		{1C47DFEC-F44A-44CD-AB7D-55368A934FC7} = {E9EF143C-67E2-4BCB-8A22-13F9E7A1F653}
		{E28A6530-AC2B-4DD5-BB47-144A425CA09A} = {E9EF143C-67E2-4BCB-8A22-13F9E7A1F653}
		{D1813B72-A58B-4BAA-B8E5-97723DBB55A9} = {0AF88C3F-E585-43EE-9B61-52E089F06EE2}
	EndGlobalSection
EndGlobal
